{
  "name": "dspace",
  "lockfileVersion": 2,
  "requires": true,
  "packages": {
    "": {
      "name": "dspace",
      "devDependencies": {
        "fake-indexeddb": "^6.0.0"
      }
    },
    "node_modules/fake-indexeddb": {
      "version": "6.0.0",
      "resolved": "https://registry.npmjs.org/fake-indexeddb/-/fake-indexeddb-6.0.0.tgz",
      "integrity": "sha512-YEboHE5VfopUclOck7LncgIqskAqnv4q0EWbYCaxKKjAvO93c+TJIaBuGy8CBFdbg9nKdpN3AuPRwVBJ4k7NrQ==",
      "dev": true,
      "engines": {
        "node": ">=18"
      }
    }
  },
  "dependencies": {
    "fake-indexeddb": {
      "version": "6.0.0",
      "resolved": "https://registry.npmjs.org/fake-indexeddb/-/fake-indexeddb-6.0.0.tgz",
      "integrity": "sha512-YEboHE5VfopUclOck7LncgIqskAqnv4q0EWbYCaxKKjAvO93c+TJIaBuGy8CBFdbg9nKdpN3AuPRwVBJ4k7NrQ==",
      "dev": true
    }
  }
}
